github.com/davecgh/go-spew v1.1.1 h1:vj9j/u1bqnvCEfJOwUhtlOARqs3+rkHYY13jYWTU97c=
github.com/davecgh/go-spew v1.1.1/go.mod h1:J7Y8YcW2NihsgmVo/mv3lAwl/skON4iLHjSsI+c5H38=
github.com/golang/mock v1.4.4 h1:l75CXGRSwbaYNpl/Z2X1XIIAMSCquvXgpVZDhwEIJsc=
github.com/golang/mock v1.4.4/go.mod h1:l3mdAwkq5BuhzHwde/uurv3sEJeZMXNpwsxVWU71h+4=
github.com/ledongthuc/pdf v0.0.0-20200323191019-23c5852adbd2 h1:H9HhyvygtvWnn1R8ymra4vdIUOvDDlaPlX6mjoJ9UTY=
github.com/ledongthuc/pdf v0.0.0-20200323191019-23c5852adbd2/go.mod h1:imJHygn/1yfhB7XSJJKlFZKl/J+dCPAknuiaGOshXAs=
github.com/leowmjw/nonstdlib v0.0.0-20181025162720-c8a214aafdbb h1:8bYjdDve8aCtpe1Xqmburiw2CLP9JHmNQLNQXapRLlY=
github.com/leowmjw/nonstdlib v0.0.0-20181025162720-c8a214aafdbb/go.mod h1:6N7UadebALN52CAUKgGa0x9DuVWRHOOF/7Fz8UdmfWc=
github.com/turbinelabs/nonstdlib v0.0.0-20181025162720-c8a214aafdbb h1:fnKSUL/GPxwXItXS5j1cUJlbeY2BJ/w3NtArFeXcLoA=
github.com/turbinelabs/nonstdlib v0.0.0-20181025162720-c8a214aafdbb/go.mod h1:FhkLUm5ssdYU3jrchWK1RjEHmRSpvYBpTmlrWRk6How=
github.com/turbinelabs/test v0.0.0-20181025162838-f1836c79d8d8 h1:mL6K8oJ4W6vf4y5ZerOFfzY52cTCST4z0AMmnuxINH4=
github.com/turbinelabs/test v0.0.0-20181025162838-f1836c79d8d8/go.mod h1:XM41/zFn4ybbG4uMnWNX0PSXdClu0+uGLoYRB7JRi3U=
golang.org/x/crypto v0.0.0-20190308221718-c2843e01d9a2/go.mod h1:djNgcEr1/C05ACkg1iLfiJU5Ep61QUkGW8qpdssI0+w=
golang.org/x/net v0.0.0-20190311183353-d8887717615a/go.mod h1:t9HGtf8HONx5eT2rtn7q6eTqICYqUVnKs3thJo3Qplg=
golang.org/x/sync v0.0.0-20190423024810-112230192c58/go.mod h1:RxMgew5VJxzue5/jJTE5uejpjVlOe/izrB70Jof72aM=
golang.org/x/sys v0.0.0-20190215142949-d0b11bdaac8a/go.mod h1:STP8DvDyc/dI5b8T5hshtkjS+E42TnysNCUPdjciGhY=
golang.org/x/text v0.3.0/go.mod h1:NqM8EUOU14njkJ3fqMW+pc6Ldnwhi/IjpwHt7yyuwOQ=
golang.org/x/tools v0.0.0-20190425150028-36563e24a262/go.mod h1:RgjU9mgBXZiqYHBnxXauZ1Gv1EHHAz9KjViQ78xBX0Q=
gopkg.in/check.v1 v0.0.0-20161208181325-20d25e280405 h1:yhCVgyC4o1eVCa2tZl7eS0r+SDo693bJlVdllGtEeKM=
gopkg.in/check.v1 v0.0.0-20161208181325-20d25e280405/go.mod h1:Co6ibVJAznAaIkqp8huTwlJQCZ016jof/cbN4VW5Yz0=
gopkg.in/yaml.v2 v2.3.0 h1:clyUAQHOM3G0M3f5vQj7LuJrETvjVot3Z5el9nffUtU=
gopkg.in/yaml.v2 v2.3.0/go.mod h1:hI93XBmqTisBFMUTm0b8Fm+jr3Dg1NNxqwp+5A1VGuI=
