github.com/davecgh/go-spew v1.1.1 h1:vj9j/u1bqnvCEfJOwUhtlOARqs3+rkHYY13jYWTU97c=
github.com/davecgh/go-spew v1.1.1/go.mod h1:J7Y8YcW2NihsgmVo/mv3lAwl/skON4iLHjSsI+c5H38=
github.com/ledongthuc/pdf v0.0.0-20200323191019-23c5852adbd2 h1:H9HhyvygtvWnn1R8ymra4vdIUOvDDlaPlX6mjoJ9UTY=
github.com/ledongthuc/pdf v0.0.0-20200323191019-23c5852adbd2/go.mod h1:imJHygn/1yfhB7XSJJKlFZKl/J+dCPAknuiaGOshXAs=
